# This file is automatically @generated by Cargo.
# It is not intended for manual editing.
version = 4

[[package]]
name = "parser-cli"
version = "0.1.0"
dependencies = [
 "parser-core",
 "parser-formats",
 "parser-schema",
]

[[package]]
name = "parser-core"
version = "0.1.0"

[[package]]
name = "parser-formats"
version = "0.1.0"

[[package]]
name = "parser-schema"
version = "0.1.0"
